
Microsoft Visual Studio Solution File, Format Version 12.00
# Visual Studio 15
VisualStudioVersion = 15.0.28307.271
MinimumVisualStudioVersion = 10.0.40219.1
Project("{888888A0-9F3D-457C-B088-3A5042F75D52}") = "OpenVPNCertBot", "OpenVPNCertBot\OpenVPNCertBot.pyproj", "{93C55170-5C9F-4C61-B2D3-35AC0DF44E82}"
EndProject
Global
	GlobalSection(SolutionConfigurationPlatforms) = preSolution
		Debug|Any CPU = Debug|Any CPU
		Release|Any CPU = Release|Any CPU
	EndGlobalSection
	GlobalSection(ProjectConfigurationPlatforms) = postSolution
		{93C55170-5C9F-4C61-B2D3-35AC0DF44E82}.Debug|Any CPU.ActiveCfg = Debug|Any CPU
		{93C55170-5C9F-4C61-B2D3-35AC0DF44E82}.Release|Any CPU.ActiveCfg = Release|Any CPU
	EndGlobalSection
	GlobalSection(SolutionProperties) = preSolution
		HideSolutionNode = FALSE
	EndGlobalSection
	GlobalSection(ExtensibilityGlobals) = postSolution
		SolutionGuid = {7D193FA2-E4BE-429B-A62B-2789F922BA96}
	EndGlobalSection
EndGlobal
